
Microsoft Visual Studio Solution File, Format Version 12.00
# Visual Studio Version 16
VisualStudioVersion = 16.0.29209.152
MinimumVisualStudioVersion = 10.0.40219.1
Project("{9A19103F-16F7-4668-BE54-9A1E7A4F7556}") = "Xw.Zx.Core", "Xw.Zx.Core\Xw.Zx.Core.csproj", "{8E38FC2F-29DC-4A7F-8F60-1AE19FB98A14}"
EndProject
Project("{9A19103F-16F7-4668-BE54-9A1E7A4F7556}") = "UnitTestProject1", "UnitTestProject1\UnitTestProject1.csproj", "{E97125A4-CCCE-42E2-BE32-E971F6022BC8}"
EndProject
Project("{FAE04EC0-301F-11D3-BF4B-00C04F79EFBC}") = "HbMeeting.Template", "HbMeeting.Template\HbMeeting.Template.csproj", "{E62D5E9B-F1B1-47AF-9287-7C84A85FC20F}"
EndProject
Project("{9A19103F-16F7-4668-BE54-9A1E7A4F7556}") = "HbMeeting.tt", "HbMeeting.tt\HbMeeting.tt.csproj", "{A82184FF-198C-405B-A339-76B000BC2E40}"
EndProject
Global
	GlobalSection(SolutionConfigurationPlatforms) = preSolution
		Debug|Any CPU = Debug|Any CPU
		Release|Any CPU = Release|Any CPU
	EndGlobalSection
	GlobalSection(ProjectConfigurationPlatforms) = postSolution
		{8E38FC2F-29DC-4A7F-8F60-1AE19FB98A14}.Debug|Any CPU.ActiveCfg = Debug|Any CPU
		{8E38FC2F-29DC-4A7F-8F60-1AE19FB98A14}.Debug|Any CPU.Build.0 = Debug|Any CPU
		{8E38FC2F-29DC-4A7F-8F60-1AE19FB98A14}.Release|Any CPU.ActiveCfg = Release|Any CPU
		{8E38FC2F-29DC-4A7F-8F60-1AE19FB98A14}.Release|Any CPU.Build.0 = Release|Any CPU
		{E97125A4-CCCE-42E2-BE32-E971F6022BC8}.Debug|Any CPU.ActiveCfg = Debug|Any CPU
		{E97125A4-CCCE-42E2-BE32-E971F6022BC8}.Debug|Any CPU.Build.0 = Debug|Any CPU
		{E97125A4-CCCE-42E2-BE32-E971F6022BC8}.Release|Any CPU.ActiveCfg = Release|Any CPU
		{E97125A4-CCCE-42E2-BE32-E971F6022BC8}.Release|Any CPU.Build.0 = Release|Any CPU
		{E62D5E9B-F1B1-47AF-9287-7C84A85FC20F}.Debug|Any CPU.ActiveCfg = Debug|Any CPU
		{E62D5E9B-F1B1-47AF-9287-7C84A85FC20F}.Debug|Any CPU.Build.0 = Debug|Any CPU
		{E62D5E9B-F1B1-47AF-9287-7C84A85FC20F}.Release|Any CPU.ActiveCfg = Release|Any CPU
		{E62D5E9B-F1B1-47AF-9287-7C84A85FC20F}.Release|Any CPU.Build.0 = Release|Any CPU
		{A82184FF-198C-405B-A339-76B000BC2E40}.Debug|Any CPU.ActiveCfg = Debug|Any CPU
		{A82184FF-198C-405B-A339-76B000BC2E40}.Debug|Any CPU.Build.0 = Debug|Any CPU
		{A82184FF-198C-405B-A339-76B000BC2E40}.Release|Any CPU.ActiveCfg = Release|Any CPU
		{A82184FF-198C-405B-A339-76B000BC2E40}.Release|Any CPU.Build.0 = Release|Any CPU
	EndGlobalSection
	GlobalSection(SolutionProperties) = preSolution
		HideSolutionNode = FALSE
	EndGlobalSection
	GlobalSection(ExtensibilityGlobals) = postSolution
		SolutionGuid = {2F6C10C7-A15E-4B26-8259-2635EED2DCE8}
	EndGlobalSection
EndGlobal
